
Microsoft Visual Studio Solution File, Format Version 12.00
# Visual Studio 14
VisualStudioVersion = 14.0.24720.0
MinimumVisualStudioVersion = 10.0.40219.1
Project("{FAE04EC0-301F-11D3-BF4B-00C04F79EFBC}") = "Awesome.WpfSelectDialog", "Awesome.WpfSelectDialog\Awesome.WpfSelectDialog.csproj", "{D96E2AC2-AEEB-4376-8765-CA9098FAEFA1}"
EndProject
Project("{FAE04EC0-301F-11D3-BF4B-00C04F79EFBC}") = "Awesome.WpfSelectDialog.Tests", "Awesome.WpfSelectDialog.Tests\Awesome.WpfSelectDialog.Tests.csproj", "{14A5EA22-679B-48AE-A0AD-DC93C3E99EF1}"
EndProject
Project("{2150E333-8FDC-42A3-9474-1A3956D46DE8}") = "Solution Items", "Solution Items", "{C1EBC101-2846-4709-9524-0C496D766AD6}"
	ProjectSection(SolutionItems) = preProject
		GitVersionConfig.yaml = GitVersionConfig.yaml
		README.md = README.md
		solution.targets = solution.targets
		SolutionInfo.cs = SolutionInfo.cs
	EndProjectSection
EndProject
Global
	GlobalSection(SolutionConfigurationPlatforms) = preSolution
		Debug|Any CPU = Debug|Any CPU
		Release|Any CPU = Release|Any CPU
	EndGlobalSection
	GlobalSection(ProjectConfigurationPlatforms) = postSolution
		{D96E2AC2-AEEB-4376-8765-CA9098FAEFA1}.Debug|Any CPU.ActiveCfg = Debug|Any CPU
		{D96E2AC2-AEEB-4376-8765-CA9098FAEFA1}.Debug|Any CPU.Build.0 = Debug|Any CPU
		{D96E2AC2-AEEB-4376-8765-CA9098FAEFA1}.Release|Any CPU.ActiveCfg = Release|Any CPU
		{D96E2AC2-AEEB-4376-8765-CA9098FAEFA1}.Release|Any CPU.Build.0 = Release|Any CPU
		{14A5EA22-679B-48AE-A0AD-DC93C3E99EF1}.Debug|Any CPU.ActiveCfg = Debug|Any CPU
		{14A5EA22-679B-48AE-A0AD-DC93C3E99EF1}.Debug|Any CPU.Build.0 = Debug|Any CPU
		{14A5EA22-679B-48AE-A0AD-DC93C3E99EF1}.Release|Any CPU.ActiveCfg = Release|Any CPU
		{14A5EA22-679B-48AE-A0AD-DC93C3E99EF1}.Release|Any CPU.Build.0 = Release|Any CPU
	EndGlobalSection
	GlobalSection(SolutionProperties) = preSolution
		HideSolutionNode = FALSE
	EndGlobalSection
EndGlobal
